// !$*UTF8*$!
{
	archiveVersion = 1;
	classes = {
	};
	objectVersion = 46;
	objects = {

/* Begin PBXBuildFile section */
		99E0DAAA1C035A4C003B519E /* AppDelegate.swift in Sources */ = {isa = PBXBuildFile; fileRef = 99E0DAA91C035A4C003B519E /* AppDelegate.swift */; };
		99E0DAAC1C035A4C003B519E /* ViewController.swift in Sources */ = {isa = PBXBuildFile; fileRef = 99E0DAAB1C035A4C003B519E /* ViewController.swift */; };
		99E0DAAF1C035A4C003B519E /* Main.storyboard in Resources */ = {isa = PBXBuildFile; fileRef = 99E0DAAD1C035A4C003B519E /* Main.storyboard */; };
		99E0DAB11C035A4C003B519E /* Assets.xcassets in Resources */ = {isa = PBXBuildFile; fileRef = 99E0DAB01C035A4C003B519E /* Assets.xcassets */; };
		99E0DAB41C035A4C003B519E /* LaunchScreen.storyboard in Resources */ = {isa = PBXBuildFile; fileRef = 99E0DAB21C035A4C003B519E /* LaunchScreen.storyboard */; };
		99E0DABF1C035A4C003B519E /* BlurredSideBarTests.swift in Sources */ = {isa = PBXBuildFile; fileRef = 99E0DABE1C035A4C003B519E /* BlurredSideBarTests.swift */; };
		99E0DACA1C035A4C003B519E /* BlurredSideBarUITests.swift in Sources */ = {isa = PBXBuildFile; fileRef = 99E0DAC91C035A4C003B519E /* BlurredSideBarUITests.swift */; };
		99E0DAD81C035B9A003B519E /* SideBarTableViewController.swift in Sources */ = {isa = PBXBuildFile; fileRef = 99E0DAD71C035B9A003B519E /* SideBarTableViewController.swift */; };
		99E0DADA1C059F45003B519E /* SideBar.swift in Sources */ = {isa = PBXBuildFile; fileRef = 99E0DAD91C059F45003B519E /* SideBar.swift */; };
/* End PBXBuildFile section */

/* Begin PBXContainerItemProxy section */
		99E0DABB1C035A4C003B519E /* PBXContainerItemProxy */ = {
			isa = PBXContainerItemProxy;
			containerPortal = 99E0DA9E1C035A4C003B519E /* Project object */;
			proxyType = 1;
			remoteGlobalIDString = 99E0DAA51C035A4C003B519E;
			remoteInfo = BlurredSideBar;
		};
		99E0DAC61C035A4C003B519E /* PBXContainerItemProxy */ = {
			isa = PBXContainerItemProxy;
			containerPortal = 99E0DA9E1C035A4C003B519E /* Project object */;
			proxyType = 1;
			remoteGlobalIDString = 99E0DAA51C035A4C003B519E;
			remoteInfo = BlurredSideBar;
		};
/* End PBXContainerItemProxy section */

/* Begin PBXFileReference section */
		99E0DAA61C035A4C003B519E /* BlurredSideBar.app */ = {isa = PBXFileReference; explicitFileType = wrapper.application; includeInIndex = 0; path = BlurredSideBar.app; sourceTree = BUILT_PRODUCTS_DIR; };
		99E0DAA91C035A4C003B519E /* AppDelegate.swift */ = {isa = PBXFileReference; lastKnownFileType = sourcecode.swift; path = AppDelegate.swift; sourceTree = "<group>"; };
		99E0DAAB1C035A4C003B519E /* ViewController.swift */ = {isa = PBXFileReference; lastKnownFileType = sourcecode.swift; path = ViewController.swift; sourceTree = "<group>"; };
		99E0DAAE1C035A4C003B519E /* Base */ = {isa = PBXFileReference; lastKnownFileType = file.storyboard; name = Base; path = Base.lproj/Main.storyboard; sourceTree = "<group>"; };
		99E0DAB01C035A4C003B519E /* Assets.xcassets */ = {isa = PBXFileReference; lastKnownFileType = folder.assetcatalog; path = Assets.xcassets; sourceTree = "<group>"; };
		99E0DAB31C035A4C003B519E /* Base */ = {isa = PBXFileReference; lastKnownFileType = file.storyboard; name = Base; path = Base.lproj/LaunchScreen.storyboard; sourceTree = "<group>"; };
		99E0DAB51C035A4C003B519E /* Info.plist */ = {isa = PBXFileReference; lastKnownFileType = text.plist.xml; path = Info.plist; sourceTree = "<group>"; };
		99E0DABA1C035A4C003B519E /* BlurredSideBarTests.xctest */ = {isa = PBXFileReference; explicitFileType = wrapper.cfbundle; includeInIndex = 0; path = BlurredSideBarTests.xctest; sourceTree = BUILT_PRODUCTS_DIR; };
		99E0DABE1C035A4C003B519E /* BlurredSideBarTests.swift */ = {isa = PBXFileReference; lastKnownFileType = sourcecode.swift; path = BlurredSideBarTests.swift; sourceTree = "<group>"; };
		99E0DAC01C035A4C003B519E /* Info.plist */ = {isa = PBXFileReference; lastKnownFileType = text.plist.xml; path = Info.plist; sourceTree = "<group>"; };
		99E0DAC51C035A4C003B519E /* BlurredSideBarUITests.xctest */ = {isa = PBXFileReference; explicitFileType = wrapper.cfbundle; includeInIndex = 0; path = BlurredSideBarUITests.xctest; sourceTree = BUILT_PRODUCTS_DIR; };
		99E0DAC91C035A4C003B519E /* BlurredSideBarUITests.swift */ = {isa = PBXFileReference; lastKnownFileType = sourcecode.swift; path = BlurredSideBarUITests.swift; sourceTree = "<group>"; };
		99E0DACB1C035A4C003B519E /* Info.plist */ = {isa = PBXFileReference; lastKnownFileType = text.plist.xml; path = Info.plist; sourceTree = "<group>"; };
		99E0DAD71C035B9A003B519E /* SideBarTableViewController.swift */ = {isa = PBXFileReference; fileEncoding = 4; lastKnownFileType = sourcecode.swift; path = SideBarTableViewController.swift; sourceTree = "<group>"; };
		99E0DAD91C059F45003B519E /* SideBar.swift */ = {isa = PBXFileReference; fileEncoding = 4; lastKnownFileType = sourcecode.swift; path = SideBar.swift; sourceTree = "<group>"; };
/* End PBXFileReference section */

/* Begin PBXFrameworksBuildPhase section */
		99E0DAA31C035A4C003B519E /* Frameworks */ = {
			isa = PBXFrameworksBuildPhase;
			buildActionMask = 2147483647;
			files = (
			);
			runOnlyForDeploymentPostprocessing = 0;
		};
		99E0DAB71C035A4C003B519E /* Frameworks */ = {
			isa = PBXFrameworksBuildPhase;
			buildActionMask = 2147483647;
			files = (
			);
			runOnlyForDeploymentPostprocessing = 0;
		};
		99E0DAC21C035A4C003B519E /* Frameworks */ = {
			isa = PBXFrameworksBuildPhase;
			buildActionMask = 2147483647;
			files = (
			);
			runOnlyForDeploymentPostprocessing = 0;
		};
/* End PBXFrameworksBuildPhase section */

/* Begin PBXGroup section */
		99E0DA9D1C035A4C003B519E = {
			isa = PBXGroup;
			children = (
				99E0DAA81C035A4C003B519E /* BlurredSideBar */,
				99E0DABD1C035A4C003B519E /* BlurredSideBarTests */,
				99E0DAC81C035A4C003B519E /* BlurredSideBarUITests */,
				99E0DAA71C035A4C003B519E /* Products */,
			);
			sourceTree = "<group>";
		};
		99E0DAA71C035A4C003B519E /* Products */ = {
			isa = PBXGroup;
			children = (
				99E0DAA61C035A4C003B519E /* BlurredSideBar.app */,
				99E0DABA1C035A4C003B519E /* BlurredSideBarTests.xctest */,
				99E0DAC51C035A4C003B519E /* BlurredSideBarUITests.xctest */,
			);
			name = Products;
			sourceTree = "<group>";
		};
		99E0DAA81C035A4C003B519E /* BlurredSideBar */ = {
			isa = PBXGroup;
			children = (
				99E0DAA91C035A4C003B519E /* AppDelegate.swift */,
				99E0DAAB1C035A4C003B519E /* ViewController.swift */,
				99E0DAD71C035B9A003B519E /* SideBarTableViewController.swift */,
				99E0DAD91C059F45003B519E /* SideBar.swift */,
				99E0DAAD1C035A4C003B519E /* Main.storyboard */,
				99E0DAB01C035A4C003B519E /* Assets.xcassets */,
				99E0DAB21C035A4C003B519E /* LaunchScreen.storyboard */,
				99E0DAB51C035A4C003B519E /* Info.plist */,
			);
			path = BlurredSideBar;
			sourceTree = "<group>";
		};
		99E0DABD1C035A4C003B519E /* BlurredSideBarTests */ = {
			isa = PBXGroup;
			children = (
				99E0DABE1C035A4C003B519E /* BlurredSideBarTests.swift */,
				99E0DAC01C035A4C003B519E /* Info.plist */,
			);
			path = BlurredSideBarTests;
			sourceTree = "<group>";
		};
		99E0DAC81C035A4C003B519E /* BlurredSideBarUITests */ = {
			isa = PBXGroup;
			children = (
				99E0DAC91C035A4C003B519E /* BlurredSideBarUITests.swift */,
				99E0DACB1C035A4C003B519E /* Info.plist */,
			);
			path = BlurredSideBarUITests;
			sourceTree = "<group>";
		};
/* End PBXGroup section */

/* Begin PBXNativeTarget section */
		99E0DAA51C035A4C003B519E /* BlurredSideBar */ = {
			isa = PBXNativeTarget;
			buildConfigurationList = 99E0DACE1C035A4C003B519E /* Build configuration list for PBXNativeTarget "BlurredSideBar" */;
			buildPhases = (
				99E0DAA21C035A4C003B519E /* Sources */,
				99E0DAA31C035A4C003B519E /* Frameworks */,
				99E0DAA41C035A4C003B519E /* Resources */,
			);
			buildRules = (
			);
			dependencies = (
			);
			name = BlurredSideBar;
			productName = BlurredSideBar;
			productReference = 99E0DAA61C035A4C003B519E /* BlurredSideBar.app */;
			productType = "com.apple.product-type.application";
		};
		99E0DAB91C035A4C003B519E /* BlurredSideBarTests */ = {
			isa = PBXNativeTarget;
			buildConfigurationList = 99E0DAD11C035A4C003B519E /* Build configuration list for PBXNativeTarget "BlurredSideBarTests" */;
			buildPhases = (
				99E0DAB61C035A4C003B519E /* Sources */,
				99E0DAB71C035A4C003B519E /* Frameworks */,
				99E0DAB81C035A4C003B519E /* Resources */,
			);
			buildRules = (
			);
			dependencies = (
				99E0DABC1C035A4C003B519E /* PBXTargetDependency */,
			);
			name = BlurredSideBarTests;
			productName = BlurredSideBarTests;
			productReference = 99E0DABA1C035A4C003B519E /* BlurredSideBarTests.xctest */;
			productType = "com.apple.product-type.bundle.unit-test";
		};
		99E0DAC41C035A4C003B519E /* BlurredSideBarUITests */ = {
			isa = PBXNativeTarget;
			buildConfigurationList = 99E0DAD41C035A4C003B519E /* Build configuration list for PBXNativeTarget "BlurredSideBarUITests" */;
			buildPhases = (
				99E0DAC11C035A4C003B519E /* Sources */,
				99E0DAC21C035A4C003B519E /* Frameworks */,
				99E0DAC31C035A4C003B519E /* Resources */,
			);
			buildRules = (
			);
			dependencies = (
				99E0DAC71C035A4C003B519E /* PBXTargetDependency */,
			);
			name = BlurredSideBarUITests;
			productName = BlurredSideBarUITests;
			productReference = 99E0DAC51C035A4C003B519E /* BlurredSideBarUITests.xctest */;
			productType = "com.apple.product-type.bundle.ui-testing";
		};
/* End PBXNativeTarget section */

/* Begin PBXProject section */
		99E0DA9E1C035A4C003B519E /* Project object */ = {
			isa = PBXProject;
			attributes = {
				LastSwiftUpdateCheck = 0710;
				LastUpgradeCheck = 0710;
				ORGANIZATIONNAME = Mavericks;
				TargetAttributes = {
					99E0DAA51C035A4C003B519E = {
						CreatedOnToolsVersion = 7.1.1;
					};
					99E0DAB91C035A4C003B519E = {
						CreatedOnToolsVersion = 7.1.1;
						TestTargetID = 99E0DAA51C035A4C003B519E;
					};
					99E0DAC41C035A4C003B519E = {
						CreatedOnToolsVersion = 7.1.1;
						TestTargetID = 99E0DAA51C035A4C003B519E;
					};
				};
			};
			buildConfigurationList = 99E0DAA11C035A4C003B519E /* Build configuration list for PBXProject "BlurredSideBar" */;
			compatibilityVersion = "Xcode 3.2";
			developmentRegion = English;
			hasScannedForEncodings = 0;
			knownRegions = (
				en,
				Base,
			);
			mainGroup = 99E0DA9D1C035A4C003B519E;
			productRefGroup = 99E0DAA71C035A4C003B519E /* Products */;
			projectDirPath = "";
			projectRoot = "";
			targets = (
				99E0DAA51C035A4C003B519E /* BlurredSideBar */,
				99E0DAB91C035A4C003B519E /* BlurredSideBarTests */,
				99E0DAC41C035A4C003B519E /* BlurredSideBarUITests */,
			);
		};
/* End PBXProject section */

/* Begin PBXResourcesBuildPhase section */
		99E0DAA41C035A4C003B519E /* Resources */ = {
			isa = PBXResourcesBuildPhase;
			buildActionMask = 2147483647;
			files = (
				99E0DAB41C035A4C003B519E /* LaunchScreen.storyboard in Resources */,
				99E0DAB11C035A4C003B519E /* Assets.xcassets in Resources */,
				99E0DAAF1C035A4C003B519E /* Main.storyboard in Resources */,
			);
			runOnlyForDeploymentPostprocessing = 0;
		};
		99E0DAB81C035A4C003B519E /* Resources */ = {
			isa = PBXResourcesBuildPhase;
			buildActionMask = 2147483647;
			files = (
			);
			runOnlyForDeploymentPostprocessing = 0;
		};
		99E0DAC31C035A4C003B519E /* Resources */ = {
			isa = PBXResourcesBuildPhase;
			buildActionMask = 2147483647;
			files = (
			);
			runOnlyForDeploymentPostprocessing = 0;
		};
/* End PBXResourcesBuildPhase section */

/* Begin PBXSourcesBuildPhase section */
		99E0DAA21C035A4C003B519E /* Sources */ = {
			isa = PBXSourcesBuildPhase;
			buildActionMask = 2147483647;
			files = (
				99E0DAAC1C035A4C003B519E /* ViewController.swift in Sources */,
				99E0DAD81C035B9A003B519E /* SideBarTableViewController.swift in Sources */,
				99E0DADA1C059F45003B519E /* SideBar.swift in Sources */,
				99E0DAAA1C035A4C003B519E /* AppDelegate.swift in Sources */,
			);
			runOnlyForDeploymentPostprocessing = 0;
		};
		99E0DAB61C035A4C003B519E /* Sources */ = {
			isa = PBXSourcesBuildPhase;
			buildActionMask = 2147483647;
			files = (
				99E0DABF1C035A4C003B519E /* BlurredSideBarTests.swift in Sources */,
			);
			runOnlyForDeploymentPostprocessing = 0;
		};
		99E0DAC11C035A4C003B519E /* Sources */ = {
			isa = PBXSourcesBuildPhase;
			buildActionMask = 2147483647;
			files = (
				99E0DACA1C035A4C003B519E /* BlurredSideBarUITests.swift in Sources */,
			);
			runOnlyForDeploymentPostprocessing = 0;
		};
/* End PBXSourcesBuildPhase section */

/* Begin PBXTargetDependency section */
		99E0DABC1C035A4C003B519E /* PBXTargetDependency */ = {
			isa = PBXTargetDependency;
			target = 99E0DAA51C035A4C003B519E /* BlurredSideBar */;
			targetProxy = 99E0DABB1C035A4C003B519E /* PBXContainerItemProxy */;
		};
		99E0DAC71C035A4C003B519E /* PBXTargetDependency */ = {
			isa = PBXTargetDependency;
			target = 99E0DAA51C035A4C003B519E /* BlurredSideBar */;
			targetProxy = 99E0DAC61C035A4C003B519E /* PBXContainerItemProxy */;
		};
/* End PBXTargetDependency section */

/* Begin PBXVariantGroup section */
		99E0DAAD1C035A4C003B519E /* Main.storyboard */ = {
			isa = PBXVariantGroup;
			children = (
				99E0DAAE1C035A4C003B519E /* Base */,
			);
			name = Main.storyboard;
			sourceTree = "<group>";
		};
		99E0DAB21C035A4C003B519E /* LaunchScreen.storyboard */ = {
			isa = PBXVariantGroup;
			children = (
				99E0DAB31C035A4C003B519E /* Base */,
			);
			name = LaunchScreen.storyboard;
			sourceTree = "<group>";
		};
/* End PBXVariantGroup section */

/* Begin XCBuildConfiguration section */
		99E0DACC1C035A4C003B519E /* Debug */ = {
			isa = XCBuildConfiguration;
			buildSettings = {
				ALWAYS_SEARCH_USER_PATHS = NO;
				CLANG_CXX_LANGUAGE_STANDARD = "gnu++0x";
				CLANG_CXX_LIBRARY = "libc++";
				CLANG_ENABLE_MODULES = YES;
				CLANG_ENABLE_OBJC_ARC = YES;
				CLANG_WARN_BOOL_CONVERSION = YES;
				CLANG_WARN_CONSTANT_CONVERSION = YES;
				CLANG_WARN_DIRECT_OBJC_ISA_USAGE = YES_ERROR;
				CLANG_WARN_EMPTY_BODY = YES;
				CLANG_WARN_ENUM_CONVERSION = YES;
				CLANG_WARN_INT_CONVERSION = YES;
				CLANG_WARN_OBJC_ROOT_CLASS = YES_ERROR;
				CLANG_WARN_UNREACHABLE_CODE = YES;
				CLANG_WARN__DUPLICATE_METHOD_MATCH = YES;
				"CODE_SIGN_IDENTITY[sdk=iphoneos*]" = "iPhone Developer";
				COPY_PHASE_STRIP = NO;
				DEBUG_INFORMATION_FORMAT = dwarf;
				ENABLE_STRICT_OBJC_MSGSEND = YES;
				ENABLE_TESTABILITY = YES;
				GCC_C_LANGUAGE_STANDARD = gnu99;
				GCC_DYNAMIC_NO_PIC = NO;
				GCC_NO_COMMON_BLOCKS = YES;
				GCC_OPTIMIZATION_LEVEL = 0;
				GCC_PREPROCESSOR_DEFINITIONS = (
					"DEBUG=1",
					"$(inherited)",
				);
				GCC_WARN_64_TO_32_BIT_CONVERSION = YES;
				GCC_WARN_ABOUT_RETURN_TYPE = YES_ERROR;
				GCC_WARN_UNDECLARED_SELECTOR = YES;
				GCC_WARN_UNINITIALIZED_AUTOS = YES_AGGRESSIVE;
				GCC_WARN_UNUSED_FUNCTION = YES;
				GCC_WARN_UNUSED_VARIABLE = YES;
				IPHONEOS_DEPLOYMENT_TARGET = 9.1;
				MTL_ENABLE_DEBUG_INFO = YES;
				ONLY_ACTIVE_ARCH = YES;
				SDKROOT = iphoneos;
				SWIFT_OPTIMIZATION_LEVEL = "-Onone";
				TARGETED_DEVICE_FAMILY = "1,2";
			};
			name = Debug;
		};
		99E0DACD1C035A4C003B519E /* Release */ = {
			isa = XCBuildConfiguration;
			buildSettings = {
				ALWAYS_SEARCH_USER_PATHS = NO;
				CLANG_CXX_LANGUAGE_STANDARD = "gnu++0x";
				CLANG_CXX_LIBRARY = "libc++";
				CLANG_ENABLE_MODULES = YES;
				CLANG_ENABLE_OBJC_ARC = YES;
				CLANG_WARN_BOOL_CONVERSION = YES;
				CLANG_WARN_CONSTANT_CONVERSION = YES;
				CLANG_WARN_DIRECT_OBJC_ISA_USAGE = YES_ERROR;
				CLANG_WARN_EMPTY_BODY = YES;
				CLANG_WARN_ENUM_CONVERSION = YES;
				CLANG_WARN_INT_CONVERSION = YES;
				CLANG_WARN_OBJC_ROOT_CLASS = YES_ERROR;
				CLANG_WARN_UNREACHABLE_CODE = YES;
				CLANG_WARN__DUPLICATE_METHOD_MATCH = YES;
				"CODE_SIGN_IDENTITY[sdk=iphoneos*]" = "iPhone Developer";
				COPY_PHASE_STRIP = NO;
				DEBUG_INFORMATION_FORMAT = "dwarf-with-dsym";
				ENABLE_NS_ASSERTIONS = NO;
				ENABLE_STRICT_OBJC_MSGSEND = YES;
				GCC_C_LANGUAGE_STANDARD = gnu99;
				GCC_NO_COMMON_BLOCKS = YES;
				GCC_WARN_64_TO_32_BIT_CONVERSION = YES;
				GCC_WARN_ABOUT_RETURN_TYPE = YES_ERROR;
				GCC_WARN_UNDECLARED_SELECTOR = YES;
				GCC_WARN_UNINITIALIZED_AUTOS = YES_AGGRESSIVE;
				GCC_WARN_UNUSED_FUNCTION = YES;
				GCC_WARN_UNUSED_VARIABLE = YES;
				IPHONEOS_DEPLOYMENT_TARGET = 9.1;
				MTL_ENABLE_DEBUG_INFO = NO;
				SDKROOT = iphoneos;
				TARGETED_DEVICE_FAMILY = "1,2";
				VALIDATE_PRODUCT = YES;
			};
			name = Release;
		};
		99E0DACF1C035A4C003B519E /* Debug */ = {
			isa = XCBuildConfiguration;
			buildSettings = {
				ASSETCATALOG_COMPILER_APPICON_NAME = AppIcon;
				INFOPLIST_FILE = BlurredSideBar/Info.plist;
				IPHONEOS_DEPLOYMENT_TARGET = 8.0;
				LD_RUNPATH_SEARCH_PATHS = "$(inherited) @executable_path/Frameworks";
				PRODUCT_BUNDLE_IDENTIFIER = com.focus.BlurredSideBar;
				PRODUCT_NAME = "$(TARGET_NAME)";
			};
			name = Debug;
		};
		99E0DAD01C035A4C003B519E /* Release */ = {
			isa = XCBuildConfiguration;
			buildSettings = {
				ASSETCATALOG_COMPILER_APPICON_NAME = AppIcon;
				INFOPLIST_FILE = BlurredSideBar/Info.plist;
				IPHONEOS_DEPLOYMENT_TARGET = 8.0;
				LD_RUNPATH_SEARCH_PATHS = "$(inherited) @executable_path/Frameworks";
				PRODUCT_BUNDLE_IDENTIFIER = com.focus.BlurredSideBar;
				PRODUCT_NAME = "$(TARGET_NAME)";
			};
			name = Release;
		};
		99E0DAD21C035A4C003B519E /* Debug */ = {
			isa = XCBuildConfiguration;
			buildSettings = {
				BUNDLE_LOADER = "$(TEST_HOST)";
				INFOPLIST_FILE = BlurredSideBarTests/Info.plist;
				LD_RUNPATH_SEARCH_PATHS = "$(inherited) @executable_path/Frameworks @loader_path/Frameworks";
				PRODUCT_BUNDLE_IDENTIFIER = com.focus.BlurredSideBarTests;
				PRODUCT_NAME = "$(TARGET_NAME)";
				TEST_HOST = "$(BUILT_PRODUCTS_DIR)/BlurredSideBar.app/BlurredSideBar";
			};
			name = Debug;
		};
		99E0DAD31C035A4C003B519E /* Release */ = {
			isa = XCBuildConfiguration;
			buildSettings = {
				BUNDLE_LOADER = "$(TEST_HOST)";
				INFOPLIST_FILE = BlurredSideBarTests/Info.plist;
				LD_RUNPATH_SEARCH_PATHS = "$(inherited) @executable_path/Frameworks @loader_path/Frameworks";
				PRODUCT_BUNDLE_IDENTIFIER = com.focus.BlurredSideBarTests;
				PRODUCT_NAME = "$(TARGET_NAME)";
				TEST_HOST = "$(BUILT_PRODUCTS_DIR)/BlurredSideBar.app/BlurredSideBar";
			};
			name = Release;
		};
		99E0DAD51C035A4C003B519E /* Debug */ = {
			isa = XCBuildConfiguration;
			buildSettings = {
				INFOPLIST_FILE = BlurredSideBarUITests/Info.plist;
				LD_RUNPATH_SEARCH_PATHS = "$(inherited) @executable_path/Frameworks @loader_path/Frameworks";
				PRODUCT_BUNDLE_IDENTIFIER = com.focus.BlurredSideBarUITests;
				PRODUCT_NAME = "$(TARGET_NAME)";
				TEST_TARGET_NAME = BlurredSideBar;
				USES_XCTRUNNER = YES;
			};
			name = Debug;
		};
		99E0DAD61C035A4C003B519E /* Release */ = {
			isa = XCBuildConfiguration;
			buildSettings = {
				INFOPLIST_FILE = BlurredSideBarUITests/Info.plist;
				LD_RUNPATH_SEARCH_PATHS = "$(inherited) @executable_path/Frameworks @loader_path/Frameworks";
				PRODUCT_BUNDLE_IDENTIFIER = com.focus.BlurredSideBarUITests;
				PRODUCT_NAME = "$(TARGET_NAME)";
				TEST_TARGET_NAME = BlurredSideBar;
				USES_XCTRUNNER = YES;
			};
			name = Release;
		};
/* End XCBuildConfiguration section */

/* Begin XCConfigurationList section */
		99E0DAA11C035A4C003B519E /* Build configuration list for PBXProject "BlurredSideBar" */ = {
			isa = XCConfigurationList;
			buildConfigurations = (
				99E0DACC1C035A4C003B519E /* Debug */,
				99E0DACD1C035A4C003B519E /* Release */,
			);
			defaultConfigurationIsVisible = 0;
			defaultConfigurationName = Release;
		};
		99E0DACE1C035A4C003B519E /* Build configuration list for PBXNativeTarget "BlurredSideBar" */ = {
			isa = XCConfigurationList;
			buildConfigurations = (
				99E0DACF1C035A4C003B519E /* Debug */,
				99E0DAD01C035A4C003B519E /* Release */,
			);
			defaultConfigurationIsVisible = 0;
			defaultConfigurationName = Release;
		};
		99E0DAD11C035A4C003B519E /* Build configuration list for PBXNativeTarget "BlurredSideBarTests" */ = {
			isa = XCConfigurationList;
			buildConfigurations = (
				99E0DAD21C035A4C003B519E /* Debug */,
				99E0DAD31C035A4C003B519E /* Release */,
			);
			defaultConfigurationIsVisible = 0;
			defaultConfigurationName = Release;
		};
		99E0DAD41C035A4C003B519E /* Build configuration list for PBXNativeTarget "BlurredSideBarUITests" */ = {
			isa = XCConfigurationList;
			buildConfigurations = (
				99E0DAD51C035A4C003B519E /* Debug */,
				99E0DAD61C035A4C003B519E /* Release */,
			);
			defaultConfigurationIsVisible = 0;
			defaultConfigurationName = Release;
		};
/* End XCConfigurationList section */
	};
	rootObject = 99E0DA9E1C035A4C003B519E /* Project object */;
}
